// !$*UTF8*$!
{
	archiveVersion = 1;
	classes = {
	};
	objectVersion = 77;
	objects = {

/* Begin PBXContainerItemProxy section */
		FF1E018B2DFA21BC00A24D26 /* PBXContainerItemProxy */ = {
			isa = PBXContainerItemProxy;
			containerPortal = FF1E01752DFA21B900A24D26 /* Project object */;
			proxyType = 1;
			remoteGlobalIDString = FF1E017C2DFA21B900A24D26;
			remoteInfo = "Memory Defragmenter";
		};
		FF1E01952DFA21BC00A24D26 /* PBXContainerItemProxy */ = {
			isa = PBXContainerItemProxy;
			containerPortal = FF1E01752DFA21B900A24D26 /* Project object */;
			proxyType = 1;
			remoteGlobalIDString = FF1E017C2DFA21B900A24D26;
			remoteInfo = "Memory Defragmenter";
		};
/* End PBXContainerItemProxy section */

/* Begin PBXFileReference section */
		FF1E017D2DFA21B900A24D26 /* Memory Defragmenter.app */ = {isa = PBXFileReference; explicitFileType = wrapper.application; includeInIndex = 0; path = "Memory Defragmenter.app"; sourceTree = BUILT_PRODUCTS_DIR; };
		FF1E018A2DFA21BC00A24D26 /* Memory DefragmenterTests.xctest */ = {isa = PBXFileReference; explicitFileType = wrapper.cfbundle; includeInIndex = 0; path = "Memory DefragmenterTests.xctest"; sourceTree = BUILT_PRODUCTS_DIR; };
		FF1E01942DFA21BC00A24D26 /* Memory DefragmenterUITests.xctest */ = {isa = PBXFileReference; explicitFileType = wrapper.cfbundle; includeInIndex = 0; path = "Memory DefragmenterUITests.xctest"; sourceTree = BUILT_PRODUCTS_DIR; };
/* End PBXFileReference section */

/* Begin PBXFileSystemSynchronizedRootGroup section */
		FF1E017F2DFA21B900A24D26 /* Memory Defragmenter */ = {
			isa = PBXFileSystemSynchronizedRootGroup;
			path = "Memory Defragmenter";
			sourceTree = "<group>";
		};
		FF1E018D2DFA21BC00A24D26 /* Memory DefragmenterTests */ = {
			isa = PBXFileSystemSynchronizedRootGroup;
			path = "Memory DefragmenterTests";
			sourceTree = "<group>";
		};
		FF1E01972DFA21BC00A24D26 /* Memory DefragmenterUITests */ = {
			isa = PBXFileSystemSynchronizedRootGroup;
			path = "Memory DefragmenterUITests";
			sourceTree = "<group>";
		};
/* End PBXFileSystemSynchronizedRootGroup section */

/* Begin PBXFrameworksBuildPhase section */
		FF1E017A2DFA21B900A24D26 /* Frameworks */ = {
			isa = PBXFrameworksBuildPhase;
			buildActionMask = 2147483647;
			files = (
			);
			runOnlyForDeploymentPostprocessing = 0;
		};
		FF1E01872DFA21BC00A24D26 /* Frameworks */ = {
			isa = PBXFrameworksBuildPhase;
			buildActionMask = 2147483647;
			files = (
			);
			runOnlyForDeploymentPostprocessing = 0;
		};
		FF1E01912DFA21BC00A24D26 /* Frameworks */ = {
			isa = PBXFrameworksBuildPhase;
			buildActionMask = 2147483647;
			files = (
			);
			runOnlyForDeploymentPostprocessing = 0;
		};
/* End PBXFrameworksBuildPhase section */

/* Begin PBXGroup section */
		FF1E01742DFA21B900A24D26 = {
			isa = PBXGroup;
			children = (
				FF1E017F2DFA21B900A24D26 /* Memory Defragmenter */,
				FF1E018D2DFA21BC00A24D26 /* Memory DefragmenterTests */,
				FF1E01972DFA21BC00A24D26 /* Memory DefragmenterUITests */,
				FF1E017E2DFA21B900A24D26 /* Products */,
			);
			sourceTree = "<group>";
		};
		FF1E017E2DFA21B900A24D26 /* Products */ = {
			isa = PBXGroup;
			children = (
				FF1E017D2DFA21B900A24D26 /* Memory Defragmenter.app */,
				FF1E018A2DFA21BC00A24D26 /* Memory DefragmenterTests.xctest */,
				FF1E01942DFA21BC00A24D26 /* Memory DefragmenterUITests.xctest */,
			);
			name = Products;
			sourceTree = "<group>";
		};
/* End PBXGroup section */

/* Begin PBXNativeTarget section */
		FF1E017C2DFA21B900A24D26 /* Memory Defragmenter */ = {
			isa = PBXNativeTarget;
			buildConfigurationList = FF1E019E2DFA21BC00A24D26 /* Build configuration list for PBXNativeTarget "Memory Defragmenter" */;
			buildPhases = (
				FF1E01792DFA21B900A24D26 /* Sources */,
				FF1E017A2DFA21B900A24D26 /* Frameworks */,
				FF1E017B2DFA21B900A24D26 /* Resources */,
			);
			buildRules = (
			);
			dependencies = (
			);
			fileSystemSynchronizedGroups = (
				FF1E017F2DFA21B900A24D26 /* Memory Defragmenter */,
			);
			name = "Memory Defragmenter";
			packageProductDependencies = (
			);
			productName = "Memory Defragmenter";
			productReference = FF1E017D2DFA21B900A24D26 /* Memory Defragmenter.app */;
			productType = "com.apple.product-type.application";
		};
		FF1E01892DFA21BC00A24D26 /* Memory DefragmenterTests */ = {
			isa = PBXNativeTarget;
			buildConfigurationList = FF1E01A12DFA21BC00A24D26 /* Build configuration list for PBXNativeTarget "Memory DefragmenterTests" */;
			buildPhases = (
				FF1E01862DFA21BC00A24D26 /* Sources */,
				FF1E01872DFA21BC00A24D26 /* Frameworks */,
				FF1E01882DFA21BC00A24D26 /* Resources */,
			);
			buildRules = (
			);
			dependencies = (
				FF1E018C2DFA21BC00A24D26 /* PBXTargetDependency */,
			);
			fileSystemSynchronizedGroups = (
				FF1E018D2DFA21BC00A24D26 /* Memory DefragmenterTests */,
			);
			name = "Memory DefragmenterTests";
			packageProductDependencies = (
			);
			productName = "Memory DefragmenterTests";
			productReference = FF1E018A2DFA21BC00A24D26 /* Memory DefragmenterTests.xctest */;
			productType = "com.apple.product-type.bundle.unit-test";
		};
		FF1E01932DFA21BC00A24D26 /* Memory DefragmenterUITests */ = {
			isa = PBXNativeTarget;
			buildConfigurationList = FF1E01A42DFA21BC00A24D26 /* Build configuration list for PBXNativeTarget "Memory DefragmenterUITests" */;
			buildPhases = (
				FF1E01902DFA21BC00A24D26 /* Sources */,
				FF1E01912DFA21BC00A24D26 /* Frameworks */,
				FF1E01922DFA21BC00A24D26 /* Resources */,
			);
			buildRules = (
			);
			dependencies = (
				FF1E01962DFA21BC00A24D26 /* PBXTargetDependency */,
			);
			fileSystemSynchronizedGroups = (
				FF1E01972DFA21BC00A24D26 /* Memory DefragmenterUITests */,
			);
			name = "Memory DefragmenterUITests";
			packageProductDependencies = (
			);
			productName = "Memory DefragmenterUITests";
			productReference = FF1E01942DFA21BC00A24D26 /* Memory DefragmenterUITests.xctest */;
			productType = "com.apple.product-type.bundle.ui-testing";
		};
/* End PBXNativeTarget section */

/* Begin PBXProject section */
		FF1E01752DFA21B900A24D26 /* Project object */ = {
			isa = PBXProject;
			attributes = {
				BuildIndependentTargetsInParallel = 1;
				LastSwiftUpdateCheck = 2600;
				LastUpgradeCheck = 2600;
				TargetAttributes = {
					FF1E017C2DFA21B900A24D26 = {
						CreatedOnToolsVersion = 26.0;
					};
					FF1E01892DFA21BC00A24D26 = {
						CreatedOnToolsVersion = 26.0;
						TestTargetID = FF1E017C2DFA21B900A24D26;
					};
					FF1E01932DFA21BC00A24D26 = {
						CreatedOnToolsVersion = 26.0;
						TestTargetID = FF1E017C2DFA21B900A24D26;
					};
				};
			};
			buildConfigurationList = FF1E01782DFA21B900A24D26 /* Build configuration list for PBXProject "Memory Defragmenter" */;
			developmentRegion = en;
			hasScannedForEncodings = 0;
			knownRegions = (
				en,
				Base,
			);
			mainGroup = FF1E01742DFA21B900A24D26;
			minimizedProjectReferenceProxies = 1;
			preferredProjectObjectVersion = 77;
			productRefGroup = FF1E017E2DFA21B900A24D26 /* Products */;
			projectDirPath = "";
			projectRoot = "";
			targets = (
				FF1E017C2DFA21B900A24D26 /* Memory Defragmenter */,
				FF1E01892DFA21BC00A24D26 /* Memory DefragmenterTests */,
				FF1E01932DFA21BC00A24D26 /* Memory DefragmenterUITests */,
			);
		};
/* End PBXProject section */

/* Begin PBXResourcesBuildPhase section */
		FF1E017B2DFA21B900A24D26 /* Resources */ = {
			isa = PBXResourcesBuildPhase;
			buildActionMask = 2147483647;
			files = (
			);
			runOnlyForDeploymentPostprocessing = 0;
		};
		FF1E01882DFA21BC00A24D26 /* Resources */ = {
			isa = PBXResourcesBuildPhase;
			buildActionMask = 2147483647;
			files = (
			);
			runOnlyForDeploymentPostprocessing = 0;
		};
		FF1E01922DFA21BC00A24D26 /* Resources */ = {
			isa = PBXResourcesBuildPhase;
			buildActionMask = 2147483647;
			files = (
			);
			runOnlyForDeploymentPostprocessing = 0;
		};
/* End PBXResourcesBuildPhase section */

/* Begin PBXSourcesBuildPhase section */
		FF1E01792DFA21B900A24D26 /* Sources */ = {
			isa = PBXSourcesBuildPhase;
			buildActionMask = 2147483647;
			files = (
			);
			runOnlyForDeploymentPostprocessing = 0;
		};
		FF1E01862DFA21BC00A24D26 /* Sources */ = {
			isa = PBXSourcesBuildPhase;
			buildActionMask = 2147483647;
			files = (
			);
			runOnlyForDeploymentPostprocessing = 0;
		};
		FF1E01902DFA21BC00A24D26 /* Sources */ = {
			isa = PBXSourcesBuildPhase;
			buildActionMask = 2147483647;
			files = (
			);
			runOnlyForDeploymentPostprocessing = 0;
		};
/* End PBXSourcesBuildPhase section */

/* Begin PBXTargetDependency section */
		FF1E018C2DFA21BC00A24D26 /* PBXTargetDependency */ = {
			isa = PBXTargetDependency;
			target = FF1E017C2DFA21B900A24D26 /* Memory Defragmenter */;
			targetProxy = FF1E018B2DFA21BC00A24D26 /* PBXContainerItemProxy */;
		};
		FF1E01962DFA21BC00A24D26 /* PBXTargetDependency */ = {
			isa = PBXTargetDependency;
			target = FF1E017C2DFA21B900A24D26 /* Memory Defragmenter */;
			targetProxy = FF1E01952DFA21BC00A24D26 /* PBXContainerItemProxy */;
		};
/* End PBXTargetDependency section */

/* Begin XCBuildConfiguration section */
		FF1E019C2DFA21BC00A24D26 /* Debug */ = {
			isa = XCBuildConfiguration;
			buildSettings = {
				ALWAYS_SEARCH_USER_PATHS = NO;
				ASSETCATALOG_COMPILER_GENERATE_SWIFT_ASSET_SYMBOL_EXTENSIONS = YES;
				CLANG_ANALYZER_NONNULL = YES;
				CLANG_ANALYZER_NUMBER_OBJECT_CONVERSION = YES_AGGRESSIVE;
				CLANG_CXX_LANGUAGE_STANDARD = "gnu++20";
				CLANG_ENABLE_MODULES = YES;
				CLANG_ENABLE_OBJC_ARC = YES;
				CLANG_ENABLE_OBJC_WEAK = YES;
				CLANG_WARN_BLOCK_CAPTURE_AUTORELEASING = YES;
				CLANG_WARN_BOOL_CONVERSION = YES;
				CLANG_WARN_COMMA = YES;
				CLANG_WARN_CONSTANT_CONVERSION = YES;
				CLANG_WARN_DEPRECATED_OBJC_IMPLEMENTATIONS = YES;
				CLANG_WARN_DIRECT_OBJC_ISA_USAGE = YES_ERROR;
				CLANG_WARN_DOCUMENTATION_COMMENTS = YES;
				CLANG_WARN_EMPTY_BODY = YES;
				CLANG_WARN_ENUM_CONVERSION = YES;
				CLANG_WARN_INFINITE_RECURSION = YES;
				CLANG_WARN_INT_CONVERSION = YES;
				CLANG_WARN_NON_LITERAL_NULL_CONVERSION = YES;
				CLANG_WARN_OBJC_IMPLICIT_RETAIN_SELF = YES;
				CLANG_WARN_OBJC_LITERAL_CONVERSION = YES;
				CLANG_WARN_OBJC_ROOT_CLASS = YES_ERROR;
				CLANG_WARN_QUOTED_INCLUDE_IN_FRAMEWORK_HEADER = YES;
				CLANG_WARN_RANGE_LOOP_ANALYSIS = YES;
				CLANG_WARN_STRICT_PROTOTYPES = YES;
				CLANG_WARN_SUSPICIOUS_MOVE = YES;
				CLANG_WARN_UNGUARDED_AVAILABILITY = YES_AGGRESSIVE;
				CLANG_WARN_UNREACHABLE_CODE = YES;
				CLANG_WARN__DUPLICATE_METHOD_MATCH = YES;
				COPY_PHASE_STRIP = NO;
				DEBUG_INFORMATION_FORMAT = dwarf;
				DEVELOPMENT_TEAM = J76GW8VYBB;
				ENABLE_STRICT_OBJC_MSGSEND = YES;
				ENABLE_TESTABILITY = YES;
				ENABLE_USER_SCRIPT_SANDBOXING = YES;
				GCC_C_LANGUAGE_STANDARD = gnu17;
				GCC_DYNAMIC_NO_PIC = NO;
				GCC_NO_COMMON_BLOCKS = YES;
				GCC_OPTIMIZATION_LEVEL = 0;
				GCC_PREPROCESSOR_DEFINITIONS = (
					"DEBUG=1",
					"$(inherited)",
				);
				GCC_WARN_64_TO_32_BIT_CONVERSION = YES;
				GCC_WARN_ABOUT_RETURN_TYPE = YES_ERROR;
				GCC_WARN_UNDECLARED_SELECTOR = YES;
				GCC_WARN_UNINITIALIZED_AUTOS = YES_AGGRESSIVE;
				GCC_WARN_UNUSED_FUNCTION = YES;
				GCC_WARN_UNUSED_VARIABLE = YES;
				LOCALIZATION_PREFERS_STRING_CATALOGS = YES;
				MACOSX_DEPLOYMENT_TARGET = 26.0;
				MTL_ENABLE_DEBUG_INFO = INCLUDE_SOURCE;
				MTL_FAST_MATH = YES;
				ONLY_ACTIVE_ARCH = YES;
				SDKROOT = macosx;
				SWIFT_ACTIVE_COMPILATION_CONDITIONS = "DEBUG $(inherited)";
				SWIFT_OPTIMIZATION_LEVEL = "-Onone";
			};
			name = Debug;
		};
		FF1E019D2DFA21BC00A24D26 /* Release */ = {
			isa = XCBuildConfiguration;
			buildSettings = {
				ALWAYS_SEARCH_USER_PATHS = NO;
				ASSETCATALOG_COMPILER_GENERATE_SWIFT_ASSET_SYMBOL_EXTENSIONS = YES;
				CLANG_ANALYZER_NONNULL = YES;
				CLANG_ANALYZER_NUMBER_OBJECT_CONVERSION = YES_AGGRESSIVE;
				CLANG_CXX_LANGUAGE_STANDARD = "gnu++20";
				CLANG_ENABLE_MODULES = YES;
				CLANG_ENABLE_OBJC_ARC = YES;
				CLANG_ENABLE_OBJC_WEAK = YES;
				CLANG_WARN_BLOCK_CAPTURE_AUTORELEASING = YES;
				CLANG_WARN_BOOL_CONVERSION = YES;
				CLANG_WARN_COMMA = YES;
				CLANG_WARN_CONSTANT_CONVERSION = YES;
				CLANG_WARN_DEPRECATED_OBJC_IMPLEMENTATIONS = YES;
				CLANG_WARN_DIRECT_OBJC_ISA_USAGE = YES_ERROR;
				CLANG_WARN_DOCUMENTATION_COMMENTS = YES;
				CLANG_WARN_EMPTY_BODY = YES;
				CLANG_WARN_ENUM_CONVERSION = YES;
				CLANG_WARN_INFINITE_RECURSION = YES;
				CLANG_WARN_INT_CONVERSION = YES;
				CLANG_WARN_NON_LITERAL_NULL_CONVERSION = YES;
				CLANG_WARN_OBJC_IMPLICIT_RETAIN_SELF = YES;
				CLANG_WARN_OBJC_LITERAL_CONVERSION = YES;
				CLANG_WARN_OBJC_ROOT_CLASS = YES_ERROR;
				CLANG_WARN_QUOTED_INCLUDE_IN_FRAMEWORK_HEADER = YES;
				CLANG_WARN_RANGE_LOOP_ANALYSIS = YES;
				CLANG_WARN_STRICT_PROTOTYPES = YES;
				CLANG_WARN_SUSPICIOUS_MOVE = YES;
				CLANG_WARN_UNGUARDED_AVAILABILITY = YES_AGGRESSIVE;
				CLANG_WARN_UNREACHABLE_CODE = YES;
				CLANG_WARN__DUPLICATE_METHOD_MATCH = YES;
				COPY_PHASE_STRIP = NO;
				DEBUG_INFORMATION_FORMAT = "dwarf-with-dsym";
				DEVELOPMENT_TEAM = J76GW8VYBB;
				ENABLE_NS_ASSERTIONS = NO;
				ENABLE_STRICT_OBJC_MSGSEND = YES;
				ENABLE_USER_SCRIPT_SANDBOXING = YES;
				GCC_C_LANGUAGE_STANDARD = gnu17;
				GCC_NO_COMMON_BLOCKS = YES;
				GCC_WARN_64_TO_32_BIT_CONVERSION = YES;
				GCC_WARN_ABOUT_RETURN_TYPE = YES_ERROR;
				GCC_WARN_UNDECLARED_SELECTOR = YES;
				GCC_WARN_UNINITIALIZED_AUTOS = YES_AGGRESSIVE;
				GCC_WARN_UNUSED_FUNCTION = YES;
				GCC_WARN_UNUSED_VARIABLE = YES;
				LOCALIZATION_PREFERS_STRING_CATALOGS = YES;
				MACOSX_DEPLOYMENT_TARGET = 26.0;
				MTL_ENABLE_DEBUG_INFO = NO;
				MTL_FAST_MATH = YES;
				SDKROOT = macosx;
				SWIFT_COMPILATION_MODE = wholemodule;
			};
			name = Release;
		};
		FF1E019F2DFA21BC00A24D26 /* Debug */ = {
			isa = XCBuildConfiguration;
			buildSettings = {
				ASSETCATALOG_COMPILER_APPICON_NAME = AppIcon;
				ASSETCATALOG_COMPILER_GLOBAL_ACCENT_COLOR_NAME = AccentColor;
				CODE_SIGN_STYLE = Automatic;
				COMBINE_HIDPI_IMAGES = YES;
				CURRENT_PROJECT_VERSION = 1;
				DEVELOPMENT_TEAM = J76GW8VYBB;
				ENABLE_APP_SANDBOX = NO;
				ENABLE_HARDENED_RUNTIME = YES;
				ENABLE_PREVIEWS = YES;
				GENERATE_INFOPLIST_FILE = YES;
				INFOPLIST_KEY_NSHumanReadableCopyright = "";
				LD_RUNPATH_SEARCH_PATHS = (
					"$(inherited)",
					"@executable_path/../Frameworks",
				);
				MARKETING_VERSION = 1.0;
				PRODUCT_BUNDLE_IDENTIFIER = "Current-Labs.Memory-Defragmenter";
				PRODUCT_NAME = "$(TARGET_NAME)";
				REGISTER_APP_GROUPS = YES;
				STRING_CATALOG_GENERATE_SYMBOLS = YES;
				SWIFT_DEFAULT_ACTOR_ISOLATION = MainActor;
				SWIFT_EMIT_LOC_STRINGS = YES;
				SWIFT_UPCOMING_FEATURE_MEMBER_IMPORT_VISIBILITY = YES;
				SWIFT_VERSION = 5.0;
			};
			name = Debug;
		};
		FF1E01A02DFA21BC00A24D26 /* Release */ = {
			isa = XCBuildConfiguration;
			buildSettings = {
				ASSETCATALOG_COMPILER_APPICON_NAME = AppIcon;
				ASSETCATALOG_COMPILER_GLOBAL_ACCENT_COLOR_NAME = AccentColor;
				CODE_SIGN_STYLE = Automatic;
				COMBINE_HIDPI_IMAGES = YES;
				CURRENT_PROJECT_VERSION = 1;
				DEVELOPMENT_TEAM = J76GW8VYBB;
				ENABLE_APP_SANDBOX = NO;
				ENABLE_HARDENED_RUNTIME = YES;
				ENABLE_PREVIEWS = YES;
				GENERATE_INFOPLIST_FILE = YES;
				INFOPLIST_KEY_NSHumanReadableCopyright = "";
				LD_RUNPATH_SEARCH_PATHS = (
					"$(inherited)",
					"@executable_path/../Frameworks",
				);
				MARKETING_VERSION = 1.0;
				PRODUCT_BUNDLE_IDENTIFIER = "Current-Labs.Memory-Defragmenter";
				PRODUCT_NAME = "$(TARGET_NAME)";
				REGISTER_APP_GROUPS = YES;
				STRING_CATALOG_GENERATE_SYMBOLS = YES;
				SWIFT_DEFAULT_ACTOR_ISOLATION = MainActor;
				SWIFT_EMIT_LOC_STRINGS = YES;
				SWIFT_UPCOMING_FEATURE_MEMBER_IMPORT_VISIBILITY = YES;
				SWIFT_VERSION = 5.0;
			};
			name = Release;
		};
		FF1E01A22DFA21BC00A24D26 /* Debug */ = {
			isa = XCBuildConfiguration;
			buildSettings = {
				BUNDLE_LOADER = "$(TEST_HOST)";
				CODE_SIGN_STYLE = Automatic;
				CURRENT_PROJECT_VERSION = 1;
				DEVELOPMENT_TEAM = J76GW8VYBB;
				GENERATE_INFOPLIST_FILE = YES;
				MACOSX_DEPLOYMENT_TARGET = 26.0;
				MARKETING_VERSION = 1.0;
				PRODUCT_BUNDLE_IDENTIFIER = "Current-Labs.Memory-DefragmenterTests";
				PRODUCT_NAME = "$(TARGET_NAME)";
				STRING_CATALOG_GENERATE_SYMBOLS = NO;
				SWIFT_EMIT_LOC_STRINGS = NO;
				SWIFT_UPCOMING_FEATURE_MEMBER_IMPORT_VISIBILITY = YES;
				SWIFT_VERSION = 5.0;
				TEST_HOST = "$(BUILT_PRODUCTS_DIR)/Memory Defragmenter.app/$(BUNDLE_EXECUTABLE_FOLDER_PATH)/Memory Defragmenter";
			};
			name = Debug;
		};
		FF1E01A32DFA21BC00A24D26 /* Release */ = {
			isa = XCBuildConfiguration;
			buildSettings = {
				BUNDLE_LOADER = "$(TEST_HOST)";
				CODE_SIGN_STYLE = Automatic;
				CURRENT_PROJECT_VERSION = 1;
				DEVELOPMENT_TEAM = J76GW8VYBB;
				GENERATE_INFOPLIST_FILE = YES;
				MACOSX_DEPLOYMENT_TARGET = 26.0;
				MARKETING_VERSION = 1.0;
				PRODUCT_BUNDLE_IDENTIFIER = "Current-Labs.Memory-DefragmenterTests";
				PRODUCT_NAME = "$(TARGET_NAME)";
				STRING_CATALOG_GENERATE_SYMBOLS = NO;
				SWIFT_EMIT_LOC_STRINGS = NO;
				SWIFT_UPCOMING_FEATURE_MEMBER_IMPORT_VISIBILITY = YES;
				SWIFT_VERSION = 5.0;
				TEST_HOST = "$(BUILT_PRODUCTS_DIR)/Memory Defragmenter.app/$(BUNDLE_EXECUTABLE_FOLDER_PATH)/Memory Defragmenter";
			};
			name = Release;
		};
		FF1E01A52DFA21BC00A24D26 /* Debug */ = {
			isa = XCBuildConfiguration;
			buildSettings = {
				CODE_SIGN_STYLE = Automatic;
				CURRENT_PROJECT_VERSION = 1;
				DEVELOPMENT_TEAM = J76GW8VYBB;
				GENERATE_INFOPLIST_FILE = YES;
				MARKETING_VERSION = 1.0;
				PRODUCT_BUNDLE_IDENTIFIER = "Current-Labs.Memory-DefragmenterUITests";
				PRODUCT_NAME = "$(TARGET_NAME)";
				STRING_CATALOG_GENERATE_SYMBOLS = NO;
				SWIFT_EMIT_LOC_STRINGS = NO;
				SWIFT_UPCOMING_FEATURE_MEMBER_IMPORT_VISIBILITY = YES;
				SWIFT_VERSION = 5.0;
				TEST_TARGET_NAME = "Memory Defragmenter";
			};
			name = Debug;
		};
		FF1E01A62DFA21BC00A24D26 /* Release */ = {
			isa = XCBuildConfiguration;
			buildSettings = {
				CODE_SIGN_STYLE = Automatic;
				CURRENT_PROJECT_VERSION = 1;
				DEVELOPMENT_TEAM = J76GW8VYBB;
				GENERATE_INFOPLIST_FILE = YES;
				MARKETING_VERSION = 1.0;
				PRODUCT_BUNDLE_IDENTIFIER = "Current-Labs.Memory-DefragmenterUITests";
				PRODUCT_NAME = "$(TARGET_NAME)";
				STRING_CATALOG_GENERATE_SYMBOLS = NO;
				SWIFT_EMIT_LOC_STRINGS = NO;
				SWIFT_UPCOMING_FEATURE_MEMBER_IMPORT_VISIBILITY = YES;
				SWIFT_VERSION = 5.0;
				TEST_TARGET_NAME = "Memory Defragmenter";
			};
			name = Release;
		};
/* End XCBuildConfiguration section */

/* Begin XCConfigurationList section */
		FF1E01782DFA21B900A24D26 /* Build configuration list for PBXProject "Memory Defragmenter" */ = {
			isa = XCConfigurationList;
			buildConfigurations = (
				FF1E019C2DFA21BC00A24D26 /* Debug */,
				FF1E019D2DFA21BC00A24D26 /* Release */,
			);
			defaultConfigurationIsVisible = 0;
			defaultConfigurationName = Release;
		};
		FF1E019E2DFA21BC00A24D26 /* Build configuration list for PBXNativeTarget "Memory Defragmenter" */ = {
			isa = XCConfigurationList;
			buildConfigurations = (
				FF1E019F2DFA21BC00A24D26 /* Debug */,
				FF1E01A02DFA21BC00A24D26 /* Release */,
			);
			defaultConfigurationIsVisible = 0;
			defaultConfigurationName = Release;
		};
		FF1E01A12DFA21BC00A24D26 /* Build configuration list for PBXNativeTarget "Memory DefragmenterTests" */ = {
			isa = XCConfigurationList;
			buildConfigurations = (
				FF1E01A22DFA21BC00A24D26 /* Debug */,
				FF1E01A32DFA21BC00A24D26 /* Release */,
			);
			defaultConfigurationIsVisible = 0;
			defaultConfigurationName = Release;
		};
		FF1E01A42DFA21BC00A24D26 /* Build configuration list for PBXNativeTarget "Memory DefragmenterUITests" */ = {
			isa = XCConfigurationList;
			buildConfigurations = (
				FF1E01A52DFA21BC00A24D26 /* Debug */,
				FF1E01A62DFA21BC00A24D26 /* Release */,
			);
			defaultConfigurationIsVisible = 0;
			defaultConfigurationName = Release;
		};
/* End XCConfigurationList section */
	};
	rootObject = FF1E01752DFA21B900A24D26 /* Project object */;
}
